// !$*UTF8*$!
{
	archiveVersion = 1;
	classes = {
	};
	objectVersion = 56;
	objects = {

/* Begin PBXBuildFile section */
		E23632E629BFA98500A6A0D8 /* QuickSweatApp.swift in Sources */ = {isa = PBXBuildFile; fileRef = E23632E529BFA98500A6A0D8 /* QuickSweatApp.swift */; };
		E23632E829BFA98500A6A0D8 /* ContentView.swift in Sources */ = {isa = PBXBuildFile; fileRef = E23632E729BFA98500A6A0D8 /* ContentView.swift */; };
		E23632EA29BFA98600A6A0D8 /* Assets.xcassets in Resources */ = {isa = PBXBuildFile; fileRef = E23632E929BFA98600A6A0D8 /* Assets.xcassets */; };
		E23632ED29BFA98600A6A0D8 /* Preview Assets.xcassets in Resources */ = {isa = PBXBuildFile; fileRef = E23632EC29BFA98600A6A0D8 /* Preview Assets.xcassets */; };
		E23632EF29BFA98600A6A0D8 /* Persistence.swift in Sources */ = {isa = PBXBuildFile; fileRef = E23632EE29BFA98600A6A0D8 /* Persistence.swift */; };
		E23632F229BFA98600A6A0D8 /* QuickSweat.xcdatamodeld in Sources */ = {isa = PBXBuildFile; fileRef = E23632F029BFA98600A6A0D8 /* QuickSweat.xcdatamodeld */; };
		E23632FC29BFA98600A6A0D8 /* QuickSweatTests.swift in Sources */ = {isa = PBXBuildFile; fileRef = E23632FB29BFA98600A6A0D8 /* QuickSweatTests.swift */; };
		E236330629BFA98600A6A0D8 /* QuickSweatUITests.swift in Sources */ = {isa = PBXBuildFile; fileRef = E236330529BFA98600A6A0D8 /* QuickSweatUITests.swift */; };
		E236330829BFA98600A6A0D8 /* QuickSweatUITestsLaunchTests.swift in Sources */ = {isa = PBXBuildFile; fileRef = E236330729BFA98600A6A0D8 /* QuickSweatUITestsLaunchTests.swift */; };
		E288AACE29BFBFB900065C01 /* ExerciseAPIDataMediator.swift in Sources */ = {isa = PBXBuildFile; fileRef = E288AACD29BFBFB900065C01 /* ExerciseAPIDataMediator.swift */; };
		E288AACF29BFBFB900065C01 /* ExerciseAPIDataMediator.swift in Sources */ = {isa = PBXBuildFile; fileRef = E288AACD29BFBFB900065C01 /* ExerciseAPIDataMediator.swift */; };
		E288AAD029BFBFB900065C01 /* ExerciseAPIDataMediator.swift in Sources */ = {isa = PBXBuildFile; fileRef = E288AACD29BFBFB900065C01 /* ExerciseAPIDataMediator.swift */; };
		E288AAD229BFC27300065C01 /* QuickSweat.xcdatamodeld in Sources */ = {isa = PBXBuildFile; fileRef = E23632F029BFA98600A6A0D8 /* QuickSweat.xcdatamodeld */; };
		E288AAD329BFC27400065C01 /* QuickSweat.xcdatamodeld in Sources */ = {isa = PBXBuildFile; fileRef = E23632F029BFA98600A6A0D8 /* QuickSweat.xcdatamodeld */; };
		E288AAD529BFC4CE00065C01 /* AppModel.swift in Sources */ = {isa = PBXBuildFile; fileRef = E288AAD429BFC4CE00065C01 /* AppModel.swift */; };
		E288AAD629BFC4CE00065C01 /* AppModel.swift in Sources */ = {isa = PBXBuildFile; fileRef = E288AAD429BFC4CE00065C01 /* AppModel.swift */; };
		E288AAD729BFC4CE00065C01 /* AppModel.swift in Sources */ = {isa = PBXBuildFile; fileRef = E288AAD429BFC4CE00065C01 /* AppModel.swift */; };
		E288AAD929BFC6B600065C01 /* BaseMediator.swift in Sources */ = {isa = PBXBuildFile; fileRef = E288AAD829BFC6B600065C01 /* BaseMediator.swift */; };
		E288AADA29BFC6B600065C01 /* BaseMediator.swift in Sources */ = {isa = PBXBuildFile; fileRef = E288AAD829BFC6B600065C01 /* BaseMediator.swift */; };
		E288AADB29BFC6B600065C01 /* BaseMediator.swift in Sources */ = {isa = PBXBuildFile; fileRef = E288AAD829BFC6B600065C01 /* BaseMediator.swift */; };
		E288AADD29BFD4F200065C01 /* ExerciseDTO.swift in Sources */ = {isa = PBXBuildFile; fileRef = E288AADC29BFD4F200065C01 /* ExerciseDTO.swift */; };
		E288AADE29BFD4F200065C01 /* ExerciseDTO.swift in Sources */ = {isa = PBXBuildFile; fileRef = E288AADC29BFD4F200065C01 /* ExerciseDTO.swift */; };
		E288AADF29BFD4F200065C01 /* ExerciseDTO.swift in Sources */ = {isa = PBXBuildFile; fileRef = E288AADC29BFD4F200065C01 /* ExerciseDTO.swift */; };
/* End PBXBuildFile section */

/* Begin PBXContainerItemProxy section */
		E23632F829BFA98600A6A0D8 /* PBXContainerItemProxy */ = {
			isa = PBXContainerItemProxy;
			containerPortal = E23632DA29BFA98500A6A0D8 /* Project object */;
			proxyType = 1;
			remoteGlobalIDString = E23632E129BFA98500A6A0D8;
			remoteInfo = QuickSweat;
		};
		E236330229BFA98600A6A0D8 /* PBXContainerItemProxy */ = {
			isa = PBXContainerItemProxy;
			containerPortal = E23632DA29BFA98500A6A0D8 /* Project object */;
			proxyType = 1;
			remoteGlobalIDString = E23632E129BFA98500A6A0D8;
			remoteInfo = QuickSweat;
		};
/* End PBXContainerItemProxy section */

/* Begin PBXFileReference section */
		E23632E229BFA98500A6A0D8 /* QuickSweat.app */ = {isa = PBXFileReference; explicitFileType = wrapper.application; includeInIndex = 0; path = QuickSweat.app; sourceTree = BUILT_PRODUCTS_DIR; };
		E23632E529BFA98500A6A0D8 /* QuickSweatApp.swift */ = {isa = PBXFileReference; lastKnownFileType = sourcecode.swift; path = QuickSweatApp.swift; sourceTree = "<group>"; };
		E23632E729BFA98500A6A0D8 /* ContentView.swift */ = {isa = PBXFileReference; lastKnownFileType = sourcecode.swift; path = ContentView.swift; sourceTree = "<group>"; };
		E23632E929BFA98600A6A0D8 /* Assets.xcassets */ = {isa = PBXFileReference; lastKnownFileType = folder.assetcatalog; path = Assets.xcassets; sourceTree = "<group>"; };
		E23632EC29BFA98600A6A0D8 /* Preview Assets.xcassets */ = {isa = PBXFileReference; lastKnownFileType = folder.assetcatalog; path = "Preview Assets.xcassets"; sourceTree = "<group>"; };
		E23632EE29BFA98600A6A0D8 /* Persistence.swift */ = {isa = PBXFileReference; lastKnownFileType = sourcecode.swift; path = Persistence.swift; sourceTree = "<group>"; };
		E23632F129BFA98600A6A0D8 /* QuickSweat.xcdatamodel */ = {isa = PBXFileReference; lastKnownFileType = wrapper.xcdatamodel; path = QuickSweat.xcdatamodel; sourceTree = "<group>"; };
		E23632F729BFA98600A6A0D8 /* QuickSweatTests.xctest */ = {isa = PBXFileReference; explicitFileType = wrapper.cfbundle; includeInIndex = 0; path = QuickSweatTests.xctest; sourceTree = BUILT_PRODUCTS_DIR; };
		E23632FB29BFA98600A6A0D8 /* QuickSweatTests.swift */ = {isa = PBXFileReference; lastKnownFileType = sourcecode.swift; path = QuickSweatTests.swift; sourceTree = "<group>"; };
		E236330129BFA98600A6A0D8 /* QuickSweatUITests.xctest */ = {isa = PBXFileReference; explicitFileType = wrapper.cfbundle; includeInIndex = 0; path = QuickSweatUITests.xctest; sourceTree = BUILT_PRODUCTS_DIR; };
		E236330529BFA98600A6A0D8 /* QuickSweatUITests.swift */ = {isa = PBXFileReference; lastKnownFileType = sourcecode.swift; path = QuickSweatUITests.swift; sourceTree = "<group>"; };
		E236330729BFA98600A6A0D8 /* QuickSweatUITestsLaunchTests.swift */ = {isa = PBXFileReference; lastKnownFileType = sourcecode.swift; path = QuickSweatUITestsLaunchTests.swift; sourceTree = "<group>"; };
		E288AACD29BFBFB900065C01 /* ExerciseAPIDataMediator.swift */ = {isa = PBXFileReference; lastKnownFileType = sourcecode.swift; path = ExerciseAPIDataMediator.swift; sourceTree = "<group>"; };
		E288AAD429BFC4CE00065C01 /* AppModel.swift */ = {isa = PBXFileReference; lastKnownFileType = sourcecode.swift; path = AppModel.swift; sourceTree = "<group>"; };
		E288AAD829BFC6B600065C01 /* BaseMediator.swift */ = {isa = PBXFileReference; lastKnownFileType = sourcecode.swift; path = BaseMediator.swift; sourceTree = "<group>"; };
		E288AADC29BFD4F200065C01 /* ExerciseDTO.swift */ = {isa = PBXFileReference; lastKnownFileType = sourcecode.swift; path = ExerciseDTO.swift; sourceTree = "<group>"; };
/* End PBXFileReference section */

/* Begin PBXFrameworksBuildPhase section */
		E23632DF29BFA98500A6A0D8 /* Frameworks */ = {
			isa = PBXFrameworksBuildPhase;
			buildActionMask = 2147483647;
			files = (
			);
			runOnlyForDeploymentPostprocessing = 0;
		};
		E23632F429BFA98600A6A0D8 /* Frameworks */ = {
			isa = PBXFrameworksBuildPhase;
			buildActionMask = 2147483647;
			files = (
			);
			runOnlyForDeploymentPostprocessing = 0;
		};
		E23632FE29BFA98600A6A0D8 /* Frameworks */ = {
			isa = PBXFrameworksBuildPhase;
			buildActionMask = 2147483647;
			files = (
			);
			runOnlyForDeploymentPostprocessing = 0;
		};
/* End PBXFrameworksBuildPhase section */

/* Begin PBXGroup section */
		E23632D929BFA98500A6A0D8 = {
			isa = PBXGroup;
			children = (
				E23632E429BFA98500A6A0D8 /* QuickSweat */,
				E23632FA29BFA98600A6A0D8 /* QuickSweatTests */,
				E236330429BFA98600A6A0D8 /* QuickSweatUITests */,
				E23632E329BFA98500A6A0D8 /* Products */,
			);
			sourceTree = "<group>";
		};
		E23632E329BFA98500A6A0D8 /* Products */ = {
			isa = PBXGroup;
			children = (
				E23632E229BFA98500A6A0D8 /* QuickSweat.app */,
				E23632F729BFA98600A6A0D8 /* QuickSweatTests.xctest */,
				E236330129BFA98600A6A0D8 /* QuickSweatUITests.xctest */,
			);
			name = Products;
			sourceTree = "<group>";
		};
		E23632E429BFA98500A6A0D8 /* QuickSweat */ = {
			isa = PBXGroup;
			children = (
				E288AACC29BFBEBF00065C01 /* Utilities */,
				E288AACB29BFBE7100065C01 /* Component */,
				E288AACA29BFBE5600065C01 /* Mediator */,
				E288AAC829BFBE1600065C01 /* Model */,
				E23632E529BFA98500A6A0D8 /* QuickSweatApp.swift */,
				E23632E729BFA98500A6A0D8 /* ContentView.swift */,
				E23632E929BFA98600A6A0D8 /* Assets.xcassets */,
				E23632EE29BFA98600A6A0D8 /* Persistence.swift */,
				E23632F029BFA98600A6A0D8 /* QuickSweat.xcdatamodeld */,
				E23632EB29BFA98600A6A0D8 /* Preview Content */,
			);
			path = QuickSweat;
			sourceTree = "<group>";
		};
		E23632EB29BFA98600A6A0D8 /* Preview Content */ = {
			isa = PBXGroup;
			children = (
				E23632EC29BFA98600A6A0D8 /* Preview Assets.xcassets */,
			);
			path = "Preview Content";
			sourceTree = "<group>";
		};
		E23632FA29BFA98600A6A0D8 /* QuickSweatTests */ = {
			isa = PBXGroup;
			children = (
				E23632FB29BFA98600A6A0D8 /* QuickSweatTests.swift */,
			);
			path = QuickSweatTests;
			sourceTree = "<group>";
		};
		E236330429BFA98600A6A0D8 /* QuickSweatUITests */ = {
			isa = PBXGroup;
			children = (
				E236330529BFA98600A6A0D8 /* QuickSweatUITests.swift */,
				E236330729BFA98600A6A0D8 /* QuickSweatUITestsLaunchTests.swift */,
			);
			path = QuickSweatUITests;
			sourceTree = "<group>";
		};
		E288AAC829BFBE1600065C01 /* Model */ = {
			isa = PBXGroup;
			children = (
				E288AAD429BFC4CE00065C01 /* AppModel.swift */,
				E288AADC29BFD4F200065C01 /* ExerciseDTO.swift */,
			);
			path = Model;
			sourceTree = "<group>";
		};
		E288AACA29BFBE5600065C01 /* Mediator */ = {
			isa = PBXGroup;
			children = (
				E288AACD29BFBFB900065C01 /* ExerciseAPIDataMediator.swift */,
				E288AAD829BFC6B600065C01 /* BaseMediator.swift */,
			);
			path = Mediator;
			sourceTree = "<group>";
		};
		E288AACB29BFBE7100065C01 /* Component */ = {
			isa = PBXGroup;
			children = (
			);
			path = Component;
			sourceTree = "<group>";
		};
		E288AACC29BFBEBF00065C01 /* Utilities */ = {
			isa = PBXGroup;
			children = (
			);
			path = Utilities;
			sourceTree = "<group>";
		};
/* End PBXGroup section */

/* Begin PBXNativeTarget section */
		E23632E129BFA98500A6A0D8 /* QuickSweat */ = {
			isa = PBXNativeTarget;
			buildConfigurationList = E236330B29BFA98600A6A0D8 /* Build configuration list for PBXNativeTarget "QuickSweat" */;
			buildPhases = (
				E23632DE29BFA98500A6A0D8 /* Sources */,
				E23632DF29BFA98500A6A0D8 /* Frameworks */,
				E23632E029BFA98500A6A0D8 /* Resources */,
			);
			buildRules = (
			);
			dependencies = (
			);
			name = QuickSweat;
			productName = QuickSweat;
			productReference = E23632E229BFA98500A6A0D8 /* QuickSweat.app */;
			productType = "com.apple.product-type.application";
		};
		E23632F629BFA98600A6A0D8 /* QuickSweatTests */ = {
			isa = PBXNativeTarget;
			buildConfigurationList = E236330E29BFA98600A6A0D8 /* Build configuration list for PBXNativeTarget "QuickSweatTests" */;
			buildPhases = (
				E23632F329BFA98600A6A0D8 /* Sources */,
				E23632F429BFA98600A6A0D8 /* Frameworks */,
				E23632F529BFA98600A6A0D8 /* Resources */,
			);
			buildRules = (
			);
			dependencies = (
				E23632F929BFA98600A6A0D8 /* PBXTargetDependency */,
			);
			name = QuickSweatTests;
			productName = QuickSweatTests;
			productReference = E23632F729BFA98600A6A0D8 /* QuickSweatTests.xctest */;
			productType = "com.apple.product-type.bundle.unit-test";
		};
		E236330029BFA98600A6A0D8 /* QuickSweatUITests */ = {
			isa = PBXNativeTarget;
			buildConfigurationList = E236331129BFA98600A6A0D8 /* Build configuration list for PBXNativeTarget "QuickSweatUITests" */;
			buildPhases = (
				E23632FD29BFA98600A6A0D8 /* Sources */,
				E23632FE29BFA98600A6A0D8 /* Frameworks */,
				E23632FF29BFA98600A6A0D8 /* Resources */,
			);
			buildRules = (
			);
			dependencies = (
				E236330329BFA98600A6A0D8 /* PBXTargetDependency */,
			);
			name = QuickSweatUITests;
			productName = QuickSweatUITests;
			productReference = E236330129BFA98600A6A0D8 /* QuickSweatUITests.xctest */;
			productType = "com.apple.product-type.bundle.ui-testing";
		};
/* End PBXNativeTarget section */

/* Begin PBXProject section */
		E23632DA29BFA98500A6A0D8 /* Project object */ = {
			isa = PBXProject;
			attributes = {
				BuildIndependentTargetsInParallel = 1;
				LastSwiftUpdateCheck = 1420;
				LastUpgradeCheck = 1420;
				TargetAttributes = {
					E23632E129BFA98500A6A0D8 = {
						CreatedOnToolsVersion = 14.2;
					};
					E23632F629BFA98600A6A0D8 = {
						CreatedOnToolsVersion = 14.2;
						TestTargetID = E23632E129BFA98500A6A0D8;
					};
					E236330029BFA98600A6A0D8 = {
						CreatedOnToolsVersion = 14.2;
						TestTargetID = E23632E129BFA98500A6A0D8;
					};
				};
			};
			buildConfigurationList = E23632DD29BFA98500A6A0D8 /* Build configuration list for PBXProject "QuickSweat" */;
			compatibilityVersion = "Xcode 14.0";
			developmentRegion = en;
			hasScannedForEncodings = 0;
			knownRegions = (
				en,
				Base,
			);
			mainGroup = E23632D929BFA98500A6A0D8;
			productRefGroup = E23632E329BFA98500A6A0D8 /* Products */;
			projectDirPath = "";
			projectRoot = "";
			targets = (
				E23632E129BFA98500A6A0D8 /* QuickSweat */,
				E23632F629BFA98600A6A0D8 /* QuickSweatTests */,
				E236330029BFA98600A6A0D8 /* QuickSweatUITests */,
			);
		};
/* End PBXProject section */

/* Begin PBXResourcesBuildPhase section */
		E23632E029BFA98500A6A0D8 /* Resources */ = {
			isa = PBXResourcesBuildPhase;
			buildActionMask = 2147483647;
			files = (
				E23632ED29BFA98600A6A0D8 /* Preview Assets.xcassets in Resources */,
				E23632EA29BFA98600A6A0D8 /* Assets.xcassets in Resources */,
			);
			runOnlyForDeploymentPostprocessing = 0;
		};
		E23632F529BFA98600A6A0D8 /* Resources */ = {
			isa = PBXResourcesBuildPhase;
			buildActionMask = 2147483647;
			files = (
			);
			runOnlyForDeploymentPostprocessing = 0;
		};
		E23632FF29BFA98600A6A0D8 /* Resources */ = {
			isa = PBXResourcesBuildPhase;
			buildActionMask = 2147483647;
			files = (
			);
			runOnlyForDeploymentPostprocessing = 0;
		};
/* End PBXResourcesBuildPhase section */

/* Begin PBXSourcesBuildPhase section */
		E23632DE29BFA98500A6A0D8 /* Sources */ = {
			isa = PBXSourcesBuildPhase;
			buildActionMask = 2147483647;
			files = (
				E23632F229BFA98600A6A0D8 /* QuickSweat.xcdatamodeld in Sources */,
				E288AAD529BFC4CE00065C01 /* AppModel.swift in Sources */,
				E23632EF29BFA98600A6A0D8 /* Persistence.swift in Sources */,
				E288AADD29BFD4F200065C01 /* ExerciseDTO.swift in Sources */,
				E23632E829BFA98500A6A0D8 /* ContentView.swift in Sources */,
				E288AAD929BFC6B600065C01 /* BaseMediator.swift in Sources */,
				E23632E629BFA98500A6A0D8 /* QuickSweatApp.swift in Sources */,
				E288AACE29BFBFB900065C01 /* ExerciseAPIDataMediator.swift in Sources */,
			);
			runOnlyForDeploymentPostprocessing = 0;
		};
		E23632F329BFA98600A6A0D8 /* Sources */ = {
			isa = PBXSourcesBuildPhase;
			buildActionMask = 2147483647;
			files = (
				E288AACF29BFBFB900065C01 /* ExerciseAPIDataMediator.swift in Sources */,
				E23632FC29BFA98600A6A0D8 /* QuickSweatTests.swift in Sources */,
				E288AADA29BFC6B600065C01 /* BaseMediator.swift in Sources */,
				E288AAD229BFC27300065C01 /* QuickSweat.xcdatamodeld in Sources */,
				E288AAD629BFC4CE00065C01 /* AppModel.swift in Sources */,
				E288AADE29BFD4F200065C01 /* ExerciseDTO.swift in Sources */,
			);
			runOnlyForDeploymentPostprocessing = 0;
		};
		E23632FD29BFA98600A6A0D8 /* Sources */ = {
			isa = PBXSourcesBuildPhase;
			buildActionMask = 2147483647;
			files = (
				E288AADF29BFD4F200065C01 /* ExerciseDTO.swift in Sources */,
				E288AAD329BFC27400065C01 /* QuickSweat.xcdatamodeld in Sources */,
				E236330629BFA98600A6A0D8 /* QuickSweatUITests.swift in Sources */,
				E288AAD029BFBFB900065C01 /* ExerciseAPIDataMediator.swift in Sources */,
				E288AAD729BFC4CE00065C01 /* AppModel.swift in Sources */,
				E236330829BFA98600A6A0D8 /* QuickSweatUITestsLaunchTests.swift in Sources */,
				E288AADB29BFC6B600065C01 /* BaseMediator.swift in Sources */,
			);
			runOnlyForDeploymentPostprocessing = 0;
		};
/* End PBXSourcesBuildPhase section */

/* Begin PBXTargetDependency section */
		E23632F929BFA98600A6A0D8 /* PBXTargetDependency */ = {
			isa = PBXTargetDependency;
			target = E23632E129BFA98500A6A0D8 /* QuickSweat */;
			targetProxy = E23632F829BFA98600A6A0D8 /* PBXContainerItemProxy */;
		};
		E236330329BFA98600A6A0D8 /* PBXTargetDependency */ = {
			isa = PBXTargetDependency;
			target = E23632E129BFA98500A6A0D8 /* QuickSweat */;
			targetProxy = E236330229BFA98600A6A0D8 /* PBXContainerItemProxy */;
		};
/* End PBXTargetDependency section */

/* Begin XCBuildConfiguration section */
		E236330929BFA98600A6A0D8 /* Debug */ = {
			isa = XCBuildConfiguration;
			buildSettings = {
				ALWAYS_SEARCH_USER_PATHS = NO;
				CLANG_ANALYZER_NONNULL = YES;
				CLANG_ANALYZER_NUMBER_OBJECT_CONVERSION = YES_AGGRESSIVE;
				CLANG_CXX_LANGUAGE_STANDARD = "gnu++20";
				CLANG_ENABLE_MODULES = YES;
				CLANG_ENABLE_OBJC_ARC = YES;
				CLANG_ENABLE_OBJC_WEAK = YES;
				CLANG_WARN_BLOCK_CAPTURE_AUTORELEASING = YES;
				CLANG_WARN_BOOL_CONVERSION = YES;
				CLANG_WARN_COMMA = YES;
				CLANG_WARN_CONSTANT_CONVERSION = YES;
				CLANG_WARN_DEPRECATED_OBJC_IMPLEMENTATIONS = YES;
				CLANG_WARN_DIRECT_OBJC_ISA_USAGE = YES_ERROR;
				CLANG_WARN_DOCUMENTATION_COMMENTS = YES;
				CLANG_WARN_EMPTY_BODY = YES;
				CLANG_WARN_ENUM_CONVERSION = YES;
				CLANG_WARN_INFINITE_RECURSION = YES;
				CLANG_WARN_INT_CONVERSION = YES;
				CLANG_WARN_NON_LITERAL_NULL_CONVERSION = YES;
				CLANG_WARN_OBJC_IMPLICIT_RETAIN_SELF = YES;
				CLANG_WARN_OBJC_LITERAL_CONVERSION = YES;
				CLANG_WARN_OBJC_ROOT_CLASS = YES_ERROR;
				CLANG_WARN_QUOTED_INCLUDE_IN_FRAMEWORK_HEADER = YES;
				CLANG_WARN_RANGE_LOOP_ANALYSIS = YES;
				CLANG_WARN_STRICT_PROTOTYPES = YES;
				CLANG_WARN_SUSPICIOUS_MOVE = YES;
				CLANG_WARN_UNGUARDED_AVAILABILITY = YES_AGGRESSIVE;
				CLANG_WARN_UNREACHABLE_CODE = YES;
				CLANG_WARN__DUPLICATE_METHOD_MATCH = YES;
				COPY_PHASE_STRIP = NO;
				DEBUG_INFORMATION_FORMAT = dwarf;
				ENABLE_STRICT_OBJC_MSGSEND = YES;
				ENABLE_TESTABILITY = YES;
				GCC_C_LANGUAGE_STANDARD = gnu11;
				GCC_DYNAMIC_NO_PIC = NO;
				GCC_NO_COMMON_BLOCKS = YES;
				GCC_OPTIMIZATION_LEVEL = 0;
				GCC_PREPROCESSOR_DEFINITIONS = (
					"DEBUG=1",
					"$(inherited)",
				);
				GCC_WARN_64_TO_32_BIT_CONVERSION = YES;
				GCC_WARN_ABOUT_RETURN_TYPE = YES_ERROR;
				GCC_WARN_UNDECLARED_SELECTOR = YES;
				GCC_WARN_UNINITIALIZED_AUTOS = YES_AGGRESSIVE;
				GCC_WARN_UNUSED_FUNCTION = YES;
				GCC_WARN_UNUSED_VARIABLE = YES;
				IPHONEOS_DEPLOYMENT_TARGET = 16.2;
				MTL_ENABLE_DEBUG_INFO = INCLUDE_SOURCE;
				MTL_FAST_MATH = YES;
				ONLY_ACTIVE_ARCH = YES;
				SDKROOT = iphoneos;
				SWIFT_ACTIVE_COMPILATION_CONDITIONS = DEBUG;
				SWIFT_OPTIMIZATION_LEVEL = "-Onone";
			};
			name = Debug;
		};
		E236330A29BFA98600A6A0D8 /* Release */ = {
			isa = XCBuildConfiguration;
			buildSettings = {
				ALWAYS_SEARCH_USER_PATHS = NO;
				CLANG_ANALYZER_NONNULL = YES;
				CLANG_ANALYZER_NUMBER_OBJECT_CONVERSION = YES_AGGRESSIVE;
				CLANG_CXX_LANGUAGE_STANDARD = "gnu++20";
				CLANG_ENABLE_MODULES = YES;
				CLANG_ENABLE_OBJC_ARC = YES;
				CLANG_ENABLE_OBJC_WEAK = YES;
				CLANG_WARN_BLOCK_CAPTURE_AUTORELEASING = YES;
				CLANG_WARN_BOOL_CONVERSION = YES;
				CLANG_WARN_COMMA = YES;
				CLANG_WARN_CONSTANT_CONVERSION = YES;
				CLANG_WARN_DEPRECATED_OBJC_IMPLEMENTATIONS = YES;
				CLANG_WARN_DIRECT_OBJC_ISA_USAGE = YES_ERROR;
				CLANG_WARN_DOCUMENTATION_COMMENTS = YES;
				CLANG_WARN_EMPTY_BODY = YES;
				CLANG_WARN_ENUM_CONVERSION = YES;
				CLANG_WARN_INFINITE_RECURSION = YES;
				CLANG_WARN_INT_CONVERSION = YES;
				CLANG_WARN_NON_LITERAL_NULL_CONVERSION = YES;
				CLANG_WARN_OBJC_IMPLICIT_RETAIN_SELF = YES;
				CLANG_WARN_OBJC_LITERAL_CONVERSION = YES;
				CLANG_WARN_OBJC_ROOT_CLASS = YES_ERROR;
				CLANG_WARN_QUOTED_INCLUDE_IN_FRAMEWORK_HEADER = YES;
				CLANG_WARN_RANGE_LOOP_ANALYSIS = YES;
				CLANG_WARN_STRICT_PROTOTYPES = YES;
				CLANG_WARN_SUSPICIOUS_MOVE = YES;
				CLANG_WARN_UNGUARDED_AVAILABILITY = YES_AGGRESSIVE;
				CLANG_WARN_UNREACHABLE_CODE = YES;
				CLANG_WARN__DUPLICATE_METHOD_MATCH = YES;
				COPY_PHASE_STRIP = NO;
				DEBUG_INFORMATION_FORMAT = "dwarf-with-dsym";
				ENABLE_NS_ASSERTIONS = NO;
				ENABLE_STRICT_OBJC_MSGSEND = YES;
				GCC_C_LANGUAGE_STANDARD = gnu11;
				GCC_NO_COMMON_BLOCKS = YES;
				GCC_WARN_64_TO_32_BIT_CONVERSION = YES;
				GCC_WARN_ABOUT_RETURN_TYPE = YES_ERROR;
				GCC_WARN_UNDECLARED_SELECTOR = YES;
				GCC_WARN_UNINITIALIZED_AUTOS = YES_AGGRESSIVE;
				GCC_WARN_UNUSED_FUNCTION = YES;
				GCC_WARN_UNUSED_VARIABLE = YES;
				IPHONEOS_DEPLOYMENT_TARGET = 16.2;
				MTL_ENABLE_DEBUG_INFO = NO;
				MTL_FAST_MATH = YES;
				SDKROOT = iphoneos;
				SWIFT_COMPILATION_MODE = wholemodule;
				SWIFT_OPTIMIZATION_LEVEL = "-O";
				VALIDATE_PRODUCT = YES;
			};
			name = Release;
		};
		E236330C29BFA98600A6A0D8 /* Debug */ = {
			isa = XCBuildConfiguration;
			buildSettings = {
				ASSETCATALOG_COMPILER_APPICON_NAME = AppIcon;
				ASSETCATALOG_COMPILER_GLOBAL_ACCENT_COLOR_NAME = AccentColor;
				CODE_SIGN_IDENTITY = "Apple Development";
				CODE_SIGN_STYLE = Automatic;
				CURRENT_PROJECT_VERSION = 1;
				DEVELOPMENT_ASSET_PATHS = "\"QuickSweat/Preview Content\"";
				ENABLE_PREVIEWS = YES;
				GENERATE_INFOPLIST_FILE = YES;
				INFOPLIST_KEY_LSApplicationCategoryType = "public.app-category.healthcare-fitness";
				INFOPLIST_KEY_UIApplicationSceneManifest_Generation = YES;
				INFOPLIST_KEY_UIApplicationSupportsIndirectInputEvents = YES;
				INFOPLIST_KEY_UILaunchScreen_Generation = YES;
				INFOPLIST_KEY_UISupportedInterfaceOrientations = "UIInterfaceOrientationLandscapeLeft UIInterfaceOrientationLandscapeRight UIInterfaceOrientationPortrait";
				INFOPLIST_KEY_UISupportedInterfaceOrientations_iPad = "UIInterfaceOrientationLandscapeLeft UIInterfaceOrientationLandscapeRight UIInterfaceOrientationPortrait UIInterfaceOrientationPortraitUpsideDown";
				LD_RUNPATH_SEARCH_PATHS = (
					"$(inherited)",
					"@executable_path/Frameworks",
				);
				MARKETING_VERSION = 1.0;
				PRODUCT_BUNDLE_IDENTIFIER = com.bufftom.QuickSweat;
				PRODUCT_NAME = "$(TARGET_NAME)";
				PROVISIONING_PROFILE_SPECIFIER = "";
				SWIFT_EMIT_LOC_STRINGS = YES;
				SWIFT_VERSION = 5.0;
				TARGETED_DEVICE_FAMILY = "1,2";
			};
			name = Debug;
		};
		E236330D29BFA98600A6A0D8 /* Release */ = {
			isa = XCBuildConfiguration;
			buildSettings = {
				ASSETCATALOG_COMPILER_APPICON_NAME = AppIcon;
				ASSETCATALOG_COMPILER_GLOBAL_ACCENT_COLOR_NAME = AccentColor;
				CODE_SIGN_IDENTITY = "Apple Development";
				CODE_SIGN_STYLE = Automatic;
				CURRENT_PROJECT_VERSION = 1;
				DEVELOPMENT_ASSET_PATHS = "\"QuickSweat/Preview Content\"";
				ENABLE_PREVIEWS = YES;
				GENERATE_INFOPLIST_FILE = YES;
				INFOPLIST_KEY_LSApplicationCategoryType = "public.app-category.healthcare-fitness";
				INFOPLIST_KEY_UIApplicationSceneManifest_Generation = YES;
				INFOPLIST_KEY_UIApplicationSupportsIndirectInputEvents = YES;
				INFOPLIST_KEY_UILaunchScreen_Generation = YES;
				INFOPLIST_KEY_UISupportedInterfaceOrientations = "UIInterfaceOrientationLandscapeLeft UIInterfaceOrientationLandscapeRight UIInterfaceOrientationPortrait";
				INFOPLIST_KEY_UISupportedInterfaceOrientations_iPad = "UIInterfaceOrientationLandscapeLeft UIInterfaceOrientationLandscapeRight UIInterfaceOrientationPortrait UIInterfaceOrientationPortraitUpsideDown";
				LD_RUNPATH_SEARCH_PATHS = (
					"$(inherited)",
					"@executable_path/Frameworks",
				);
				MARKETING_VERSION = 1.0;
				PRODUCT_BUNDLE_IDENTIFIER = com.bufftom.QuickSweat;
				PRODUCT_NAME = "$(TARGET_NAME)";
				PROVISIONING_PROFILE_SPECIFIER = "";
				SWIFT_EMIT_LOC_STRINGS = YES;
				SWIFT_VERSION = 5.0;
				TARGETED_DEVICE_FAMILY = "1,2";
			};
			name = Release;
		};
		E236330F29BFA98600A6A0D8 /* Debug */ = {
			isa = XCBuildConfiguration;
			buildSettings = {
				ALWAYS_EMBED_SWIFT_STANDARD_LIBRARIES = YES;
				BUNDLE_LOADER = "$(TEST_HOST)";
				CODE_SIGN_STYLE = Automatic;
				CURRENT_PROJECT_VERSION = 1;
				GENERATE_INFOPLIST_FILE = YES;
				IPHONEOS_DEPLOYMENT_TARGET = 16.2;
				MARKETING_VERSION = 1.0;
				PRODUCT_BUNDLE_IDENTIFIER = com.bufftom.QuickSweatTests;
				PRODUCT_NAME = "$(TARGET_NAME)";
				SWIFT_EMIT_LOC_STRINGS = NO;
				SWIFT_VERSION = 5.0;
				TARGETED_DEVICE_FAMILY = "1,2";
				TEST_HOST = "$(BUILT_PRODUCTS_DIR)/QuickSweat.app/$(BUNDLE_EXECUTABLE_FOLDER_PATH)/QuickSweat";
			};
			name = Debug;
		};
		E236331029BFA98600A6A0D8 /* Release */ = {
			isa = XCBuildConfiguration;
			buildSettings = {
				ALWAYS_EMBED_SWIFT_STANDARD_LIBRARIES = YES;
				BUNDLE_LOADER = "$(TEST_HOST)";
				CODE_SIGN_STYLE = Automatic;
				CURRENT_PROJECT_VERSION = 1;
				GENERATE_INFOPLIST_FILE = YES;
				IPHONEOS_DEPLOYMENT_TARGET = 16.2;
				MARKETING_VERSION = 1.0;
				PRODUCT_BUNDLE_IDENTIFIER = com.bufftom.QuickSweatTests;
				PRODUCT_NAME = "$(TARGET_NAME)";
				SWIFT_EMIT_LOC_STRINGS = NO;
				SWIFT_VERSION = 5.0;
				TARGETED_DEVICE_FAMILY = "1,2";
				TEST_HOST = "$(BUILT_PRODUCTS_DIR)/QuickSweat.app/$(BUNDLE_EXECUTABLE_FOLDER_PATH)/QuickSweat";
			};
			name = Release;
		};
		E236331229BFA98600A6A0D8 /* Debug */ = {
			isa = XCBuildConfiguration;
			buildSettings = {
				ALWAYS_EMBED_SWIFT_STANDARD_LIBRARIES = YES;
				CODE_SIGN_STYLE = Automatic;
				CURRENT_PROJECT_VERSION = 1;
				GENERATE_INFOPLIST_FILE = YES;
				MARKETING_VERSION = 1.0;
				PRODUCT_BUNDLE_IDENTIFIER = com.bufftom.QuickSweatUITests;
				PRODUCT_NAME = "$(TARGET_NAME)";
				SWIFT_EMIT_LOC_STRINGS = NO;
				SWIFT_VERSION = 5.0;
				TARGETED_DEVICE_FAMILY = "1,2";
				TEST_TARGET_NAME = QuickSweat;
			};
			name = Debug;
		};
		E236331329BFA98600A6A0D8 /* Release */ = {
			isa = XCBuildConfiguration;
			buildSettings = {
				ALWAYS_EMBED_SWIFT_STANDARD_LIBRARIES = YES;
				CODE_SIGN_STYLE = Automatic;
				CURRENT_PROJECT_VERSION = 1;
				GENERATE_INFOPLIST_FILE = YES;
				MARKETING_VERSION = 1.0;
				PRODUCT_BUNDLE_IDENTIFIER = com.bufftom.QuickSweatUITests;
				PRODUCT_NAME = "$(TARGET_NAME)";
				SWIFT_EMIT_LOC_STRINGS = NO;
				SWIFT_VERSION = 5.0;
				TARGETED_DEVICE_FAMILY = "1,2";
				TEST_TARGET_NAME = QuickSweat;
			};
			name = Release;
		};
/* End XCBuildConfiguration section */

/* Begin XCConfigurationList section */
		E23632DD29BFA98500A6A0D8 /* Build configuration list for PBXProject "QuickSweat" */ = {
			isa = XCConfigurationList;
			buildConfigurations = (
				E236330929BFA98600A6A0D8 /* Debug */,
				E236330A29BFA98600A6A0D8 /* Release */,
			);
			defaultConfigurationIsVisible = 0;
			defaultConfigurationName = Release;
		};
		E236330B29BFA98600A6A0D8 /* Build configuration list for PBXNativeTarget "QuickSweat" */ = {
			isa = XCConfigurationList;
			buildConfigurations = (
				E236330C29BFA98600A6A0D8 /* Debug */,
				E236330D29BFA98600A6A0D8 /* Release */,
			);
			defaultConfigurationIsVisible = 0;
			defaultConfigurationName = Release;
		};
		E236330E29BFA98600A6A0D8 /* Build configuration list for PBXNativeTarget "QuickSweatTests" */ = {
			isa = XCConfigurationList;
			buildConfigurations = (
				E236330F29BFA98600A6A0D8 /* Debug */,
				E236331029BFA98600A6A0D8 /* Release */,
			);
			defaultConfigurationIsVisible = 0;
			defaultConfigurationName = Release;
		};
		E236331129BFA98600A6A0D8 /* Build configuration list for PBXNativeTarget "QuickSweatUITests" */ = {
			isa = XCConfigurationList;
			buildConfigurations = (
				E236331229BFA98600A6A0D8 /* Debug */,
				E236331329BFA98600A6A0D8 /* Release */,
			);
			defaultConfigurationIsVisible = 0;
			defaultConfigurationName = Release;
		};
/* End XCConfigurationList section */

/* Begin XCVersionGroup section */
		E23632F029BFA98600A6A0D8 /* QuickSweat.xcdatamodeld */ = {
			isa = XCVersionGroup;
			children = (
				E23632F129BFA98600A6A0D8 /* QuickSweat.xcdatamodel */,
			);
			currentVersion = E23632F129BFA98600A6A0D8 /* QuickSweat.xcdatamodel */;
			path = QuickSweat.xcdatamodeld;
			sourceTree = "<group>";
			versionGroupType = wrapper.xcdatamodel;
		};
/* End XCVersionGroup section */
	};
	rootObject = E23632DA29BFA98500A6A0D8 /* Project object */;
}
